
Microsoft Visual Studio Solution File, Format Version 12.00
# Visual Studio 15
VisualStudioVersion = 15.0.28010.2041
MinimumVisualStudioVersion = 10.0.40219.1
Project("{FAE04EC0-301F-11D3-BF4B-00C04F79EFBC}") = "Bgkj", "Bgkj\Bgkj.csproj", "{D73296F6-E922-4FF4-B1A4-3AE77E535DD4}"
EndProject
Project("{FAE04EC0-301F-11D3-BF4B-00C04F79EFBC}") = "Csmdacx", "Csmdacx\Csmdacx\Csmdacx.csproj", "{EF2A2DFF-D663-4501-8244-E7581FC6FCB4}"
EndProject
Project("{FAE04EC0-301F-11D3-BF4B-00C04F79EFBC}") = "Csmdasm", "Csmdasm\Csmdasm\Csmdasm.csproj", "{052F3538-D45A-4071-9BC4-AAF70D8BD9C5}"
EndProject
Project("{FAE04EC0-301F-11D3-BF4B-00C04F79EFBC}") = "Csmxxbl", "Csmxxbl\Csmxxbl\Csmxxbl.csproj", "{6897CC05-D41A-4B44-AD65-C19187A57AA9}"
EndProject
Project("{FAE04EC0-301F-11D3-BF4B-00C04F79EFBC}") = "CsmCheck", "CsmCheck\CsmCheck.csproj", "{53C506D9-0C64-4DE2-BA36-D1C4C97E9101}"
EndProject
Project("{FAE04EC0-301F-11D3-BF4B-00C04F79EFBC}") = "Csmdady", "Csmdady\Csmdady\Csmdady.csproj", "{112A9DB4-8106-48F2-BDA2-5559433DF206}"
EndProject
Project("{FAE04EC0-301F-11D3-BF4B-00C04F79EFBC}") = "Csmdajc", "Csmdajc\Csmdajc\Csmdajc.csproj", "{C353F705-0B2F-43A6-A204-A4ECA7C7F21F}"
EndProject
Project("{FAE04EC0-301F-11D3-BF4B-00C04F79EFBC}") = "Csmdapx", "Csmdapx\Csmdapx\Csmdapx.csproj", "{5A96378B-ECDA-44E9-BD8C-AEAAC74CBA12}"
EndProject
Project("{FAE04EC0-301F-11D3-BF4B-00C04F79EFBC}") = "Csmfztj", "Csmfztj\Csmfztj\Csmfztj.csproj", "{DAB79F15-C747-465B-A8DF-3FE4E72C942E}"
EndProject
Project("{FAE04EC0-301F-11D3-BF4B-00C04F79EFBC}") = "Csmggmm", "Csmggmm\Csmggmm\Csmggmm.csproj", "{AD0A5077-DE90-48C2-9A2F-24C24054AFCC}"
EndProject
Project("{FAE04EC0-301F-11D3-BF4B-00C04F79EFBC}") = "Csmgy", "Csmgy\Csmgy\Csmgy.csproj", "{83F99C7B-561A-4DD3-B8C1-4376693208EC}"
EndProject
Project("{FAE04EC0-301F-11D3-BF4B-00C04F79EFBC}") = "Csmmldj", "Csmmldj\Csmmldj\Csmmldj.csproj", "{8BCF9B7E-FC70-4E96-B8C1-D57D523E42D7}"
EndProject
Project("{FAE04EC0-301F-11D3-BF4B-00C04F79EFBC}") = "Csmrzgl", "Csmrzgl\Csmrzgl\Csmrzgl.csproj", "{8AE32B52-E8D9-4F4A-99D0-197076937AAA}"
EndProject
Project("{FAE04EC0-301F-11D3-BF4B-00C04F79EFBC}") = "Csmsjcf", "Csmsjcf\Csmxtbf\Csmsjcf.csproj", "{E97BCD1C-6DFD-466E-87C4-BBE170676059}"
EndProject
Project("{FAE04EC0-301F-11D3-BF4B-00C04F79EFBC}") = "Csmsjdr", "Csmsjdr\Csmsjdr.csproj", "{16EB8039-020A-449A-82DD-0DFAAF9F1F00}"
EndProject
Project("{FAE04EC0-301F-11D3-BF4B-00C04F79EFBC}") = "Csmxtbf", "Csmxtbf\Csmxtbf\Csmxtbf.csproj", "{A18AC55C-E1DA-49FA-BC72-521508A8B5A2}"
EndProject
Project("{FAE04EC0-301F-11D3-BF4B-00C04F79EFBC}") = "Csmxtpz", "Csmxtpz\Csmxtpz\Csmxtpz.csproj", "{532E3F12-777F-40F0-965B-45C3685B8CC9}"
EndProject
Project("{FAE04EC0-301F-11D3-BF4B-00C04F79EFBC}") = "Csmyhgl", "Csmyhgl\Csmyhgl\Csmyhgl.csproj", "{96B951ED-30E5-49C4-A0FE-F31EAA562636}"
EndProject
Project("{FAE04EC0-301F-11D3-BF4B-00C04F79EFBC}") = "Jdshow", "Jdshow\Jdshow.csproj", "{DB45A83E-798A-48A9-AE1B-55095A6AD5E8}"
EndProject
Project("{FAE04EC0-301F-11D3-BF4B-00C04F79EFBC}") = "Update", "Update\Update.csproj", "{919D32B6-9EC7-450E-BBF9-CF2C28B6E36F}"
EndProject
Project("{FAE04EC0-301F-11D3-BF4B-00C04F79EFBC}") = "WareHouse", "WareHouse\WareHouse.csproj", "{E9F3FF9C-68C0-4662-B158-8D16A717F7F4}"
EndProject
Project("{FAE04EC0-301F-11D3-BF4B-00C04F79EFBC}") = "CsmCon", "CsmCon\CsmCon.csproj", "{6A86EABC-3A88-4759-9EA0-24B936265E28}"
EndProject
Project("{FAE04EC0-301F-11D3-BF4B-00C04F79EFBC}") = "Hljsarch", "..\..\..\..\Csmhl\bg\Hljsarch\Hljsarch\Hljsarch.csproj", "{8D7460D2-DD0A-4D26-B8C9-FBF0493D923F}"
EndProject
Project("{FAE04EC0-301F-11D3-BF4B-00C04F79EFBC}") = "CsmGenSet", "CsmGenSet\CsmGenSet.csproj", "{D62B0C5F-B486-4123-97C9-E9D6A0C1B97A}"
EndProject
Project("{FAE04EC0-301F-11D3-BF4B-00C04F79EFBC}") = "Csmborr", "Csmborr\Csmborr.csproj", "{63B4B407-4DC2-48E2-8670-26F11CA77677}"
EndProject
Project("{FAE04EC0-301F-11D3-BF4B-00C04F79EFBC}") = "CsmBorrStat", "CsmBorrStat\CsmBorrStat.csproj", "{A1A9DFE3-DC21-4AAE-8243-3531AA26ECE3}"
EndProject
Project("{FAE04EC0-301F-11D3-BF4B-00C04F79EFBC}") = "DAL", "DAL\DAL.csproj", "{A9B96633-C0C1-464B-BA21-709FC15C1925}"
EndProject
Global
	GlobalSection(SolutionConfigurationPlatforms) = preSolution
		Debug|Any CPU = Debug|Any CPU
		Debug|x86 = Debug|x86
		Release|Any CPU = Release|Any CPU
		Release|x86 = Release|x86
	EndGlobalSection
	GlobalSection(ProjectConfigurationPlatforms) = postSolution
		{D73296F6-E922-4FF4-B1A4-3AE77E535DD4}.Debug|Any CPU.ActiveCfg = Debug|x86
		{D73296F6-E922-4FF4-B1A4-3AE77E535DD4}.Debug|Any CPU.Build.0 = Debug|x86
		{D73296F6-E922-4FF4-B1A4-3AE77E535DD4}.Debug|x86.ActiveCfg = Debug|x86
		{D73296F6-E922-4FF4-B1A4-3AE77E535DD4}.Debug|x86.Build.0 = Debug|x86
		{D73296F6-E922-4FF4-B1A4-3AE77E535DD4}.Release|Any CPU.ActiveCfg = Release|Any CPU
		{D73296F6-E922-4FF4-B1A4-3AE77E535DD4}.Release|Any CPU.Build.0 = Release|Any CPU
		{D73296F6-E922-4FF4-B1A4-3AE77E535DD4}.Release|x86.ActiveCfg = Release|Any CPU
		{D73296F6-E922-4FF4-B1A4-3AE77E535DD4}.Release|x86.Build.0 = Release|Any CPU
		{EF2A2DFF-D663-4501-8244-E7581FC6FCB4}.Debug|Any CPU.ActiveCfg = Debug|x86
		{EF2A2DFF-D663-4501-8244-E7581FC6FCB4}.Debug|Any CPU.Build.0 = Debug|x86
		{EF2A2DFF-D663-4501-8244-E7581FC6FCB4}.Debug|x86.ActiveCfg = Debug|x86
		{EF2A2DFF-D663-4501-8244-E7581FC6FCB4}.Debug|x86.Build.0 = Debug|x86
		{EF2A2DFF-D663-4501-8244-E7581FC6FCB4}.Release|Any CPU.ActiveCfg = Release|Any CPU
		{EF2A2DFF-D663-4501-8244-E7581FC6FCB4}.Release|Any CPU.Build.0 = Release|Any CPU
		{EF2A2DFF-D663-4501-8244-E7581FC6FCB4}.Release|x86.ActiveCfg = Release|x86
		{EF2A2DFF-D663-4501-8244-E7581FC6FCB4}.Release|x86.Build.0 = Release|x86
		{052F3538-D45A-4071-9BC4-AAF70D8BD9C5}.Debug|Any CPU.ActiveCfg = Debug|x86
		{052F3538-D45A-4071-9BC4-AAF70D8BD9C5}.Debug|Any CPU.Build.0 = Debug|x86
		{052F3538-D45A-4071-9BC4-AAF70D8BD9C5}.Debug|x86.ActiveCfg = Debug|x86
		{052F3538-D45A-4071-9BC4-AAF70D8BD9C5}.Debug|x86.Build.0 = Debug|x86
		{052F3538-D45A-4071-9BC4-AAF70D8BD9C5}.Release|Any CPU.ActiveCfg = Release|Any CPU
		{052F3538-D45A-4071-9BC4-AAF70D8BD9C5}.Release|Any CPU.Build.0 = Release|Any CPU
		{052F3538-D45A-4071-9BC4-AAF70D8BD9C5}.Release|x86.ActiveCfg = Release|x86
		{052F3538-D45A-4071-9BC4-AAF70D8BD9C5}.Release|x86.Build.0 = Release|x86
		{6897CC05-D41A-4B44-AD65-C19187A57AA9}.Debug|Any CPU.ActiveCfg = Debug|x86
		{6897CC05-D41A-4B44-AD65-C19187A57AA9}.Debug|Any CPU.Build.0 = Debug|x86
		{6897CC05-D41A-4B44-AD65-C19187A57AA9}.Debug|x86.ActiveCfg = Debug|x86
		{6897CC05-D41A-4B44-AD65-C19187A57AA9}.Debug|x86.Build.0 = Debug|x86
		{6897CC05-D41A-4B44-AD65-C19187A57AA9}.Release|Any CPU.ActiveCfg = Release|Any CPU
		{6897CC05-D41A-4B44-AD65-C19187A57AA9}.Release|Any CPU.Build.0 = Release|Any CPU
		{6897CC05-D41A-4B44-AD65-C19187A57AA9}.Release|x86.ActiveCfg = Release|x86
		{6897CC05-D41A-4B44-AD65-C19187A57AA9}.Release|x86.Build.0 = Release|x86
		{53C506D9-0C64-4DE2-BA36-D1C4C97E9101}.Debug|Any CPU.ActiveCfg = Debug|x86
		{53C506D9-0C64-4DE2-BA36-D1C4C97E9101}.Debug|Any CPU.Build.0 = Debug|x86
		{53C506D9-0C64-4DE2-BA36-D1C4C97E9101}.Debug|x86.ActiveCfg = Debug|x86
		{53C506D9-0C64-4DE2-BA36-D1C4C97E9101}.Debug|x86.Build.0 = Debug|x86
		{53C506D9-0C64-4DE2-BA36-D1C4C97E9101}.Release|Any CPU.ActiveCfg = Release|Any CPU
		{53C506D9-0C64-4DE2-BA36-D1C4C97E9101}.Release|Any CPU.Build.0 = Release|Any CPU
		{53C506D9-0C64-4DE2-BA36-D1C4C97E9101}.Release|x86.ActiveCfg = Release|x86
		{53C506D9-0C64-4DE2-BA36-D1C4C97E9101}.Release|x86.Build.0 = Release|x86
		{112A9DB4-8106-48F2-BDA2-5559433DF206}.Debug|Any CPU.ActiveCfg = Debug|x86
		{112A9DB4-8106-48F2-BDA2-5559433DF206}.Debug|Any CPU.Build.0 = Debug|x86
		{112A9DB4-8106-48F2-BDA2-5559433DF206}.Debug|x86.ActiveCfg = Debug|x86
		{112A9DB4-8106-48F2-BDA2-5559433DF206}.Debug|x86.Build.0 = Debug|x86
		{112A9DB4-8106-48F2-BDA2-5559433DF206}.Release|Any CPU.ActiveCfg = Release|Any CPU
		{112A9DB4-8106-48F2-BDA2-5559433DF206}.Release|Any CPU.Build.0 = Release|Any CPU
		{112A9DB4-8106-48F2-BDA2-5559433DF206}.Release|x86.ActiveCfg = Release|x86
		{112A9DB4-8106-48F2-BDA2-5559433DF206}.Release|x86.Build.0 = Release|x86
		{C353F705-0B2F-43A6-A204-A4ECA7C7F21F}.Debug|Any CPU.ActiveCfg = Debug|x86
		{C353F705-0B2F-43A6-A204-A4ECA7C7F21F}.Debug|Any CPU.Build.0 = Debug|x86
		{C353F705-0B2F-43A6-A204-A4ECA7C7F21F}.Debug|x86.ActiveCfg = Debug|x86
		{C353F705-0B2F-43A6-A204-A4ECA7C7F21F}.Debug|x86.Build.0 = Debug|x86
		{C353F705-0B2F-43A6-A204-A4ECA7C7F21F}.Release|Any CPU.ActiveCfg = Release|Any CPU
		{C353F705-0B2F-43A6-A204-A4ECA7C7F21F}.Release|Any CPU.Build.0 = Release|Any CPU
		{C353F705-0B2F-43A6-A204-A4ECA7C7F21F}.Release|x86.ActiveCfg = Release|x86
		{C353F705-0B2F-43A6-A204-A4ECA7C7F21F}.Release|x86.Build.0 = Release|x86
		{5A96378B-ECDA-44E9-BD8C-AEAAC74CBA12}.Debug|Any CPU.ActiveCfg = Debug|x86
		{5A96378B-ECDA-44E9-BD8C-AEAAC74CBA12}.Debug|Any CPU.Build.0 = Debug|x86
		{5A96378B-ECDA-44E9-BD8C-AEAAC74CBA12}.Debug|x86.ActiveCfg = Debug|x86
		{5A96378B-ECDA-44E9-BD8C-AEAAC74CBA12}.Debug|x86.Build.0 = Debug|x86
		{5A96378B-ECDA-44E9-BD8C-AEAAC74CBA12}.Release|Any CPU.ActiveCfg = Release|Any CPU
		{5A96378B-ECDA-44E9-BD8C-AEAAC74CBA12}.Release|Any CPU.Build.0 = Release|Any CPU
		{5A96378B-ECDA-44E9-BD8C-AEAAC74CBA12}.Release|x86.ActiveCfg = Release|x86
		{5A96378B-ECDA-44E9-BD8C-AEAAC74CBA12}.Release|x86.Build.0 = Release|x86
		{DAB79F15-C747-465B-A8DF-3FE4E72C942E}.Debug|Any CPU.ActiveCfg = Debug|x86
		{DAB79F15-C747-465B-A8DF-3FE4E72C942E}.Debug|Any CPU.Build.0 = Debug|x86
		{DAB79F15-C747-465B-A8DF-3FE4E72C942E}.Debug|x86.ActiveCfg = Debug|x86
		{DAB79F15-C747-465B-A8DF-3FE4E72C942E}.Debug|x86.Build.0 = Debug|x86
		{DAB79F15-C747-465B-A8DF-3FE4E72C942E}.Release|Any CPU.ActiveCfg = Release|Any CPU
		{DAB79F15-C747-465B-A8DF-3FE4E72C942E}.Release|Any CPU.Build.0 = Release|Any CPU
		{DAB79F15-C747-465B-A8DF-3FE4E72C942E}.Release|x86.ActiveCfg = Release|x86
		{DAB79F15-C747-465B-A8DF-3FE4E72C942E}.Release|x86.Build.0 = Release|x86
		{AD0A5077-DE90-48C2-9A2F-24C24054AFCC}.Debug|Any CPU.ActiveCfg = Debug|x86
		{AD0A5077-DE90-48C2-9A2F-24C24054AFCC}.Debug|Any CPU.Build.0 = Debug|x86
		{AD0A5077-DE90-48C2-9A2F-24C24054AFCC}.Debug|x86.ActiveCfg = Debug|x86
		{AD0A5077-DE90-48C2-9A2F-24C24054AFCC}.Debug|x86.Build.0 = Debug|x86
		{AD0A5077-DE90-48C2-9A2F-24C24054AFCC}.Release|Any CPU.ActiveCfg = Release|Any CPU
		{AD0A5077-DE90-48C2-9A2F-24C24054AFCC}.Release|Any CPU.Build.0 = Release|Any CPU
		{AD0A5077-DE90-48C2-9A2F-24C24054AFCC}.Release|x86.ActiveCfg = Release|x86
		{AD0A5077-DE90-48C2-9A2F-24C24054AFCC}.Release|x86.Build.0 = Release|x86
		{83F99C7B-561A-4DD3-B8C1-4376693208EC}.Debug|Any CPU.ActiveCfg = Debug|x86
		{83F99C7B-561A-4DD3-B8C1-4376693208EC}.Debug|Any CPU.Build.0 = Debug|x86
		{83F99C7B-561A-4DD3-B8C1-4376693208EC}.Debug|x86.ActiveCfg = Debug|x86
		{83F99C7B-561A-4DD3-B8C1-4376693208EC}.Debug|x86.Build.0 = Debug|x86
		{83F99C7B-561A-4DD3-B8C1-4376693208EC}.Release|Any CPU.ActiveCfg = Release|Any CPU
		{83F99C7B-561A-4DD3-B8C1-4376693208EC}.Release|Any CPU.Build.0 = Release|Any CPU
		{83F99C7B-561A-4DD3-B8C1-4376693208EC}.Release|x86.ActiveCfg = Release|x86
		{83F99C7B-561A-4DD3-B8C1-4376693208EC}.Release|x86.Build.0 = Release|x86
		{8BCF9B7E-FC70-4E96-B8C1-D57D523E42D7}.Debug|Any CPU.ActiveCfg = Debug|x86
		{8BCF9B7E-FC70-4E96-B8C1-D57D523E42D7}.Debug|Any CPU.Build.0 = Debug|x86
		{8BCF9B7E-FC70-4E96-B8C1-D57D523E42D7}.Debug|x86.ActiveCfg = Debug|x86
		{8BCF9B7E-FC70-4E96-B8C1-D57D523E42D7}.Debug|x86.Build.0 = Debug|x86
		{8BCF9B7E-FC70-4E96-B8C1-D57D523E42D7}.Release|Any CPU.ActiveCfg = Release|Any CPU
		{8BCF9B7E-FC70-4E96-B8C1-D57D523E42D7}.Release|Any CPU.Build.0 = Release|Any CPU
		{8BCF9B7E-FC70-4E96-B8C1-D57D523E42D7}.Release|x86.ActiveCfg = Release|x86
		{8BCF9B7E-FC70-4E96-B8C1-D57D523E42D7}.Release|x86.Build.0 = Release|x86
		{8AE32B52-E8D9-4F4A-99D0-197076937AAA}.Debug|Any CPU.ActiveCfg = Debug|x86
		{8AE32B52-E8D9-4F4A-99D0-197076937AAA}.Debug|Any CPU.Build.0 = Debug|x86
		{8AE32B52-E8D9-4F4A-99D0-197076937AAA}.Debug|x86.ActiveCfg = Debug|x86
		{8AE32B52-E8D9-4F4A-99D0-197076937AAA}.Debug|x86.Build.0 = Debug|x86
		{8AE32B52-E8D9-4F4A-99D0-197076937AAA}.Release|Any CPU.ActiveCfg = Release|Any CPU
		{8AE32B52-E8D9-4F4A-99D0-197076937AAA}.Release|Any CPU.Build.0 = Release|Any CPU
		{8AE32B52-E8D9-4F4A-99D0-197076937AAA}.Release|x86.ActiveCfg = Release|x86
		{8AE32B52-E8D9-4F4A-99D0-197076937AAA}.Release|x86.Build.0 = Release|x86
		{E97BCD1C-6DFD-466E-87C4-BBE170676059}.Debug|Any CPU.ActiveCfg = Debug|x86
		{E97BCD1C-6DFD-466E-87C4-BBE170676059}.Debug|Any CPU.Build.0 = Debug|x86
		{E97BCD1C-6DFD-466E-87C4-BBE170676059}.Debug|x86.ActiveCfg = Debug|x86
		{E97BCD1C-6DFD-466E-87C4-BBE170676059}.Debug|x86.Build.0 = Debug|x86
		{E97BCD1C-6DFD-466E-87C4-BBE170676059}.Release|Any CPU.ActiveCfg = Release|Any CPU
		{E97BCD1C-6DFD-466E-87C4-BBE170676059}.Release|Any CPU.Build.0 = Release|Any CPU
		{E97BCD1C-6DFD-466E-87C4-BBE170676059}.Release|x86.ActiveCfg = Release|x86
		{E97BCD1C-6DFD-466E-87C4-BBE170676059}.Release|x86.Build.0 = Release|x86
		{16EB8039-020A-449A-82DD-0DFAAF9F1F00}.Debug|Any CPU.ActiveCfg = Debug|x86
		{16EB8039-020A-449A-82DD-0DFAAF9F1F00}.Debug|Any CPU.Build.0 = Debug|x86
		{16EB8039-020A-449A-82DD-0DFAAF9F1F00}.Debug|x86.ActiveCfg = Debug|x86
		{16EB8039-020A-449A-82DD-0DFAAF9F1F00}.Debug|x86.Build.0 = Debug|x86
		{16EB8039-020A-449A-82DD-0DFAAF9F1F00}.Release|Any CPU.ActiveCfg = Release|Any CPU
		{16EB8039-020A-449A-82DD-0DFAAF9F1F00}.Release|Any CPU.Build.0 = Release|Any CPU
		{16EB8039-020A-449A-82DD-0DFAAF9F1F00}.Release|x86.ActiveCfg = Release|x86
		{16EB8039-020A-449A-82DD-0DFAAF9F1F00}.Release|x86.Build.0 = Release|x86
		{A18AC55C-E1DA-49FA-BC72-521508A8B5A2}.Debug|Any CPU.ActiveCfg = Debug|x86
		{A18AC55C-E1DA-49FA-BC72-521508A8B5A2}.Debug|Any CPU.Build.0 = Debug|x86
		{A18AC55C-E1DA-49FA-BC72-521508A8B5A2}.Debug|x86.ActiveCfg = Debug|x86
		{A18AC55C-E1DA-49FA-BC72-521508A8B5A2}.Debug|x86.Build.0 = Debug|x86
		{A18AC55C-E1DA-49FA-BC72-521508A8B5A2}.Release|Any CPU.ActiveCfg = Release|Any CPU
		{A18AC55C-E1DA-49FA-BC72-521508A8B5A2}.Release|Any CPU.Build.0 = Release|Any CPU
		{A18AC55C-E1DA-49FA-BC72-521508A8B5A2}.Release|x86.ActiveCfg = Release|x86
		{A18AC55C-E1DA-49FA-BC72-521508A8B5A2}.Release|x86.Build.0 = Release|x86
		{532E3F12-777F-40F0-965B-45C3685B8CC9}.Debug|Any CPU.ActiveCfg = Debug|x86
		{532E3F12-777F-40F0-965B-45C3685B8CC9}.Debug|Any CPU.Build.0 = Debug|x86
		{532E3F12-777F-40F0-965B-45C3685B8CC9}.Debug|x86.ActiveCfg = Debug|x86
		{532E3F12-777F-40F0-965B-45C3685B8CC9}.Debug|x86.Build.0 = Debug|x86
		{532E3F12-777F-40F0-965B-45C3685B8CC9}.Release|Any CPU.ActiveCfg = Release|Any CPU
		{532E3F12-777F-40F0-965B-45C3685B8CC9}.Release|Any CPU.Build.0 = Release|Any CPU
		{532E3F12-777F-40F0-965B-45C3685B8CC9}.Release|x86.ActiveCfg = Release|x86
		{532E3F12-777F-40F0-965B-45C3685B8CC9}.Release|x86.Build.0 = Release|x86
		{96B951ED-30E5-49C4-A0FE-F31EAA562636}.Debug|Any CPU.ActiveCfg = Debug|x86
		{96B951ED-30E5-49C4-A0FE-F31EAA562636}.Debug|Any CPU.Build.0 = Debug|x86
		{96B951ED-30E5-49C4-A0FE-F31EAA562636}.Debug|x86.ActiveCfg = Debug|x86
		{96B951ED-30E5-49C4-A0FE-F31EAA562636}.Debug|x86.Build.0 = Debug|x86
		{96B951ED-30E5-49C4-A0FE-F31EAA562636}.Release|Any CPU.ActiveCfg = Release|Any CPU
		{96B951ED-30E5-49C4-A0FE-F31EAA562636}.Release|Any CPU.Build.0 = Release|Any CPU
		{96B951ED-30E5-49C4-A0FE-F31EAA562636}.Release|x86.ActiveCfg = Release|x86
		{96B951ED-30E5-49C4-A0FE-F31EAA562636}.Release|x86.Build.0 = Release|x86
		{DB45A83E-798A-48A9-AE1B-55095A6AD5E8}.Debug|Any CPU.ActiveCfg = Debug|x86
		{DB45A83E-798A-48A9-AE1B-55095A6AD5E8}.Debug|Any CPU.Build.0 = Debug|x86
		{DB45A83E-798A-48A9-AE1B-55095A6AD5E8}.Debug|x86.ActiveCfg = Debug|x86
		{DB45A83E-798A-48A9-AE1B-55095A6AD5E8}.Debug|x86.Build.0 = Debug|x86
		{DB45A83E-798A-48A9-AE1B-55095A6AD5E8}.Release|Any CPU.ActiveCfg = Release|Any CPU
		{DB45A83E-798A-48A9-AE1B-55095A6AD5E8}.Release|Any CPU.Build.0 = Release|Any CPU
		{DB45A83E-798A-48A9-AE1B-55095A6AD5E8}.Release|x86.ActiveCfg = Release|x86
		{DB45A83E-798A-48A9-AE1B-55095A6AD5E8}.Release|x86.Build.0 = Release|x86
		{919D32B6-9EC7-450E-BBF9-CF2C28B6E36F}.Debug|Any CPU.ActiveCfg = Debug|x86
		{919D32B6-9EC7-450E-BBF9-CF2C28B6E36F}.Debug|Any CPU.Build.0 = Debug|x86
		{919D32B6-9EC7-450E-BBF9-CF2C28B6E36F}.Debug|x86.ActiveCfg = Debug|x86
		{919D32B6-9EC7-450E-BBF9-CF2C28B6E36F}.Debug|x86.Build.0 = Debug|x86
		{919D32B6-9EC7-450E-BBF9-CF2C28B6E36F}.Release|Any CPU.ActiveCfg = Release|Any CPU
		{919D32B6-9EC7-450E-BBF9-CF2C28B6E36F}.Release|Any CPU.Build.0 = Release|Any CPU
		{919D32B6-9EC7-450E-BBF9-CF2C28B6E36F}.Release|x86.ActiveCfg = Release|x86
		{919D32B6-9EC7-450E-BBF9-CF2C28B6E36F}.Release|x86.Build.0 = Release|x86
		{E9F3FF9C-68C0-4662-B158-8D16A717F7F4}.Debug|Any CPU.ActiveCfg = Debug|x86
		{E9F3FF9C-68C0-4662-B158-8D16A717F7F4}.Debug|Any CPU.Build.0 = Debug|x86
		{E9F3FF9C-68C0-4662-B158-8D16A717F7F4}.Debug|x86.ActiveCfg = Debug|x86
		{E9F3FF9C-68C0-4662-B158-8D16A717F7F4}.Debug|x86.Build.0 = Debug|x86
		{E9F3FF9C-68C0-4662-B158-8D16A717F7F4}.Release|Any CPU.ActiveCfg = Release|Any CPU
		{E9F3FF9C-68C0-4662-B158-8D16A717F7F4}.Release|Any CPU.Build.0 = Release|Any CPU
		{E9F3FF9C-68C0-4662-B158-8D16A717F7F4}.Release|x86.ActiveCfg = Release|x86
		{E9F3FF9C-68C0-4662-B158-8D16A717F7F4}.Release|x86.Build.0 = Release|x86
		{6A86EABC-3A88-4759-9EA0-24B936265E28}.Debug|Any CPU.ActiveCfg = Debug|x86
		{6A86EABC-3A88-4759-9EA0-24B936265E28}.Debug|Any CPU.Build.0 = Debug|x86
		{6A86EABC-3A88-4759-9EA0-24B936265E28}.Debug|x86.ActiveCfg = Debug|x86
		{6A86EABC-3A88-4759-9EA0-24B936265E28}.Debug|x86.Build.0 = Debug|x86
		{6A86EABC-3A88-4759-9EA0-24B936265E28}.Release|Any CPU.ActiveCfg = Release|Any CPU
		{6A86EABC-3A88-4759-9EA0-24B936265E28}.Release|Any CPU.Build.0 = Release|Any CPU
		{6A86EABC-3A88-4759-9EA0-24B936265E28}.Release|x86.ActiveCfg = Release|Any CPU
		{6A86EABC-3A88-4759-9EA0-24B936265E28}.Release|x86.Build.0 = Release|Any CPU
		{8D7460D2-DD0A-4D26-B8C9-FBF0493D923F}.Debug|Any CPU.ActiveCfg = Debug|x86
		{8D7460D2-DD0A-4D26-B8C9-FBF0493D923F}.Debug|Any CPU.Build.0 = Debug|x86
		{8D7460D2-DD0A-4D26-B8C9-FBF0493D923F}.Debug|x86.ActiveCfg = Debug|x86
		{8D7460D2-DD0A-4D26-B8C9-FBF0493D923F}.Debug|x86.Build.0 = Debug|x86
		{8D7460D2-DD0A-4D26-B8C9-FBF0493D923F}.Release|Any CPU.ActiveCfg = Release|Any CPU
		{8D7460D2-DD0A-4D26-B8C9-FBF0493D923F}.Release|Any CPU.Build.0 = Release|Any CPU
		{8D7460D2-DD0A-4D26-B8C9-FBF0493D923F}.Release|x86.ActiveCfg = Release|x86
		{8D7460D2-DD0A-4D26-B8C9-FBF0493D923F}.Release|x86.Build.0 = Release|x86
		{D62B0C5F-B486-4123-97C9-E9D6A0C1B97A}.Debug|Any CPU.ActiveCfg = Debug|x86
		{D62B0C5F-B486-4123-97C9-E9D6A0C1B97A}.Debug|Any CPU.Build.0 = Debug|x86
		{D62B0C5F-B486-4123-97C9-E9D6A0C1B97A}.Debug|x86.ActiveCfg = Debug|x86
		{D62B0C5F-B486-4123-97C9-E9D6A0C1B97A}.Debug|x86.Build.0 = Debug|x86
		{D62B0C5F-B486-4123-97C9-E9D6A0C1B97A}.Release|Any CPU.ActiveCfg = Release|Any CPU
		{D62B0C5F-B486-4123-97C9-E9D6A0C1B97A}.Release|Any CPU.Build.0 = Release|Any CPU
		{D62B0C5F-B486-4123-97C9-E9D6A0C1B97A}.Release|x86.ActiveCfg = Release|Any CPU
		{D62B0C5F-B486-4123-97C9-E9D6A0C1B97A}.Release|x86.Build.0 = Release|Any CPU
		{63B4B407-4DC2-48E2-8670-26F11CA77677}.Debug|Any CPU.ActiveCfg = Debug|Any CPU
		{63B4B407-4DC2-48E2-8670-26F11CA77677}.Debug|Any CPU.Build.0 = Debug|Any CPU
		{63B4B407-4DC2-48E2-8670-26F11CA77677}.Debug|x86.ActiveCfg = Debug|x86
		{63B4B407-4DC2-48E2-8670-26F11CA77677}.Debug|x86.Build.0 = Debug|x86
		{63B4B407-4DC2-48E2-8670-26F11CA77677}.Release|Any CPU.ActiveCfg = Release|Any CPU
		{63B4B407-4DC2-48E2-8670-26F11CA77677}.Release|Any CPU.Build.0 = Release|Any CPU
		{63B4B407-4DC2-48E2-8670-26F11CA77677}.Release|x86.ActiveCfg = Release|Any CPU
		{63B4B407-4DC2-48E2-8670-26F11CA77677}.Release|x86.Build.0 = Release|Any CPU
		{A1A9DFE3-DC21-4AAE-8243-3531AA26ECE3}.Debug|Any CPU.ActiveCfg = Debug|Any CPU
		{A1A9DFE3-DC21-4AAE-8243-3531AA26ECE3}.Debug|Any CPU.Build.0 = Debug|Any CPU
		{A1A9DFE3-DC21-4AAE-8243-3531AA26ECE3}.Debug|x86.ActiveCfg = Debug|Any CPU
		{A1A9DFE3-DC21-4AAE-8243-3531AA26ECE3}.Debug|x86.Build.0 = Debug|Any CPU
		{A1A9DFE3-DC21-4AAE-8243-3531AA26ECE3}.Release|Any CPU.ActiveCfg = Release|Any CPU
		{A1A9DFE3-DC21-4AAE-8243-3531AA26ECE3}.Release|Any CPU.Build.0 = Release|Any CPU
		{A1A9DFE3-DC21-4AAE-8243-3531AA26ECE3}.Release|x86.ActiveCfg = Release|Any CPU
		{A1A9DFE3-DC21-4AAE-8243-3531AA26ECE3}.Release|x86.Build.0 = Release|Any CPU
		{A9B96633-C0C1-464B-BA21-709FC15C1925}.Debug|Any CPU.ActiveCfg = Debug|Any CPU
		{A9B96633-C0C1-464B-BA21-709FC15C1925}.Debug|Any CPU.Build.0 = Debug|Any CPU
		{A9B96633-C0C1-464B-BA21-709FC15C1925}.Debug|x86.ActiveCfg = Debug|x86
		{A9B96633-C0C1-464B-BA21-709FC15C1925}.Debug|x86.Build.0 = Debug|x86
		{A9B96633-C0C1-464B-BA21-709FC15C1925}.Release|Any CPU.ActiveCfg = Release|Any CPU
		{A9B96633-C0C1-464B-BA21-709FC15C1925}.Release|Any CPU.Build.0 = Release|Any CPU
		{A9B96633-C0C1-464B-BA21-709FC15C1925}.Release|x86.ActiveCfg = Release|x86
		{A9B96633-C0C1-464B-BA21-709FC15C1925}.Release|x86.Build.0 = Release|x86
	EndGlobalSection
	GlobalSection(SolutionProperties) = preSolution
		HideSolutionNode = FALSE
	EndGlobalSection
	GlobalSection(ExtensibilityGlobals) = postSolution
		SolutionGuid = {186FA843-3EFE-407A-A0A0-81760B1E8DB8}
	EndGlobalSection
EndGlobal
